// !$*UTF8*$!
{
	archiveVersion = 1;
	classes = {
	};
	objectVersion = 50;
	objects = {

/* Begin PBXBuildFile section */
		18427CBB22FDB8B600D85CC2 /* AppDelegate.swift in Sources */ = {isa = PBXBuildFile; fileRef = 18427CBA22FDB8B600D85CC2 /* AppDelegate.swift */; };
		18427CBD22FDB8B600D85CC2 /* ViewController.swift in Sources */ = {isa = PBXBuildFile; fileRef = 18427CBC22FDB8B600D85CC2 /* ViewController.swift */; };
		18427CC022FDB8B600D85CC2 /* Main.storyboard in Resources */ = {isa = PBXBuildFile; fileRef = 18427CBE22FDB8B600D85CC2 /* Main.storyboard */; };
		18427CC322FDB8B600D85CC2 /* microEducation.xcdatamodeld in Sources */ = {isa = PBXBuildFile; fileRef = 18427CC122FDB8B600D85CC2 /* microEducation.xcdatamodeld */; };
		18427CC522FDB8B800D85CC2 /* Assets.xcassets in Resources */ = {isa = PBXBuildFile; fileRef = 18427CC422FDB8B800D85CC2 /* Assets.xcassets */; };
		18427CC822FDB8B800D85CC2 /* LaunchScreen.storyboard in Resources */ = {isa = PBXBuildFile; fileRef = 18427CC622FDB8B800D85CC2 /* LaunchScreen.storyboard */; };
/* End PBXBuildFile section */

/* Begin PBXFileReference section */
		18427CB722FDB8B600D85CC2 /* microEducation.app */ = {isa = PBXFileReference; explicitFileType = wrapper.application; includeInIndex = 0; path = microEducation.app; sourceTree = BUILT_PRODUCTS_DIR; };
		18427CBA22FDB8B600D85CC2 /* AppDelegate.swift */ = {isa = PBXFileReference; lastKnownFileType = sourcecode.swift; path = AppDelegate.swift; sourceTree = "<group>"; };
		18427CBC22FDB8B600D85CC2 /* ViewController.swift */ = {isa = PBXFileReference; lastKnownFileType = sourcecode.swift; path = ViewController.swift; sourceTree = "<group>"; };
		18427CBF22FDB8B600D85CC2 /* Base */ = {isa = PBXFileReference; lastKnownFileType = file.storyboard; name = Base; path = Base.lproj/Main.storyboard; sourceTree = "<group>"; };
		18427CC222FDB8B600D85CC2 /* microEducation.xcdatamodel */ = {isa = PBXFileReference; lastKnownFileType = wrapper.xcdatamodel; path = microEducation.xcdatamodel; sourceTree = "<group>"; };
		18427CC422FDB8B800D85CC2 /* Assets.xcassets */ = {isa = PBXFileReference; lastKnownFileType = folder.assetcatalog; path = Assets.xcassets; sourceTree = "<group>"; };
		18427CC722FDB8B800D85CC2 /* Base */ = {isa = PBXFileReference; lastKnownFileType = file.storyboard; name = Base; path = Base.lproj/LaunchScreen.storyboard; sourceTree = "<group>"; };
		18427CC922FDB8B800D85CC2 /* Info.plist */ = {isa = PBXFileReference; lastKnownFileType = text.plist.xml; path = Info.plist; sourceTree = "<group>"; };
/* End PBXFileReference section */

/* Begin PBXFrameworksBuildPhase section */
		18427CB422FDB8B600D85CC2 /* Frameworks */ = {
			isa = PBXFrameworksBuildPhase;
			buildActionMask = 2147483647;
			files = (
			);
			runOnlyForDeploymentPostprocessing = 0;
		};
/* End PBXFrameworksBuildPhase section */

/* Begin PBXGroup section */
		18427CAE22FDB8B600D85CC2 = {
			isa = PBXGroup;
			children = (
				18427CB922FDB8B600D85CC2 /* microEducation */,
				18427CB822FDB8B600D85CC2 /* Products */,
			);
			sourceTree = "<group>";
		};
		18427CB822FDB8B600D85CC2 /* Products */ = {
			isa = PBXGroup;
			children = (
				18427CB722FDB8B600D85CC2 /* microEducation.app */,
			);
			name = Products;
			sourceTree = "<group>";
		};
		18427CB922FDB8B600D85CC2 /* microEducation */ = {
			isa = PBXGroup;
			children = (
				18427CBA22FDB8B600D85CC2 /* AppDelegate.swift */,
				18427CBC22FDB8B600D85CC2 /* ViewController.swift */,
				18427CBE22FDB8B600D85CC2 /* Main.storyboard */,
				18427CC422FDB8B800D85CC2 /* Assets.xcassets */,
				18427CC622FDB8B800D85CC2 /* LaunchScreen.storyboard */,
				18427CC922FDB8B800D85CC2 /* Info.plist */,
				18427CC122FDB8B600D85CC2 /* microEducation.xcdatamodeld */,
			);
			path = microEducation;
			sourceTree = "<group>";
		};
/* End PBXGroup section */

/* Begin PBXNativeTarget section */
		18427CB622FDB8B600D85CC2 /* microEducation */ = {
			isa = PBXNativeTarget;
			buildConfigurationList = 18427CCC22FDB8B800D85CC2 /* Build configuration list for PBXNativeTarget "microEducation" */;
			buildPhases = (
				18427CB322FDB8B600D85CC2 /* Sources */,
				18427CB422FDB8B600D85CC2 /* Frameworks */,
				18427CB522FDB8B600D85CC2 /* Resources */,
			);
			buildRules = (
			);
			dependencies = (
			);
			name = microEducation;
			productName = microEducation;
			productReference = 18427CB722FDB8B600D85CC2 /* microEducation.app */;
			productType = "com.apple.product-type.application";
		};
/* End PBXNativeTarget section */

/* Begin PBXProject section */
		18427CAF22FDB8B600D85CC2 /* Project object */ = {
			isa = PBXProject;
			attributes = {
				LastSwiftUpdateCheck = 1020;
				LastUpgradeCheck = 1020;
				ORGANIZATIONNAME = KWK;
				TargetAttributes = {
					18427CB622FDB8B600D85CC2 = {
						CreatedOnToolsVersion = 10.2.1;
					};
				};
			};
			buildConfigurationList = 18427CB222FDB8B600D85CC2 /* Build configuration list for PBXProject "microEducation" */;
			compatibilityVersion = "Xcode 9.3";
			developmentRegion = en;
			hasScannedForEncodings = 0;
			knownRegions = (
				en,
				Base,
			);
			mainGroup = 18427CAE22FDB8B600D85CC2;
			productRefGroup = 18427CB822FDB8B600D85CC2 /* Products */;
			projectDirPath = "";
			projectRoot = "";
			targets = (
				18427CB622FDB8B600D85CC2 /* microEducation */,
			);
		};
/* End PBXProject section */

/* Begin PBXResourcesBuildPhase section */
		18427CB522FDB8B600D85CC2 /* Resources */ = {
			isa = PBXResourcesBuildPhase;
			buildActionMask = 2147483647;
			files = (
				18427CC822FDB8B800D85CC2 /* LaunchScreen.storyboard in Resources */,
				18427CC522FDB8B800D85CC2 /* Assets.xcassets in Resources */,
				18427CC022FDB8B600D85CC2 /* Main.storyboard in Resources */,
			);
			runOnlyForDeploymentPostprocessing = 0;
		};
/* End PBXResourcesBuildPhase section */

/* Begin PBXSourcesBuildPhase section */
		18427CB322FDB8B600D85CC2 /* Sources */ = {
			isa = PBXSourcesBuildPhase;
			buildActionMask = 2147483647;
			files = (
				18427CC322FDB8B600D85CC2 /* microEducation.xcdatamodeld in Sources */,
				18427CBD22FDB8B600D85CC2 /* ViewController.swift in Sources */,
				18427CBB22FDB8B600D85CC2 /* AppDelegate.swift in Sources */,
			);
			runOnlyForDeploymentPostprocessing = 0;
		};
/* End PBXSourcesBuildPhase section */

/* Begin PBXVariantGroup section */
		18427CBE22FDB8B600D85CC2 /* Main.storyboard */ = {
			isa = PBXVariantGroup;
			children = (
				18427CBF22FDB8B600D85CC2 /* Base */,
			);
			name = Main.storyboard;
			sourceTree = "<group>";
		};
		18427CC622FDB8B800D85CC2 /* LaunchScreen.storyboard */ = {
			isa = PBXVariantGroup;
			children = (
				18427CC722FDB8B800D85CC2 /* Base */,
			);
			name = LaunchScreen.storyboard;
			sourceTree = "<group>";
		};
/* End PBXVariantGroup section */

/* Begin XCBuildConfiguration section */
		18427CCA22FDB8B800D85CC2 /* Debug */ = {
			isa = XCBuildConfiguration;
			buildSettings = {
				ALWAYS_SEARCH_USER_PATHS = NO;
				CLANG_ANALYZER_NONNULL = YES;
				CLANG_ANALYZER_NUMBER_OBJECT_CONVERSION = YES_AGGRESSIVE;
				CLANG_CXX_LANGUAGE_STANDARD = "gnu++14";
				CLANG_CXX_LIBRARY = "libc++";
				CLANG_ENABLE_MODULES = YES;
				CLANG_ENABLE_OBJC_ARC = YES;
				CLANG_ENABLE_OBJC_WEAK = YES;
				CLANG_WARN_BLOCK_CAPTURE_AUTORELEASING = YES;
				CLANG_WARN_BOOL_CONVERSION = YES;
				CLANG_WARN_COMMA = YES;
				CLANG_WARN_CONSTANT_CONVERSION = YES;
				CLANG_WARN_DEPRECATED_OBJC_IMPLEMENTATIONS = YES;
				CLANG_WARN_DIRECT_OBJC_ISA_USAGE = YES_ERROR;
				CLANG_WARN_DOCUMENTATION_COMMENTS = YES;
				CLANG_WARN_EMPTY_BODY = YES;
				CLANG_WARN_ENUM_CONVERSION = YES;
				CLANG_WARN_INFINITE_RECURSION = YES;
				CLANG_WARN_INT_CONVERSION = YES;
				CLANG_WARN_NON_LITERAL_NULL_CONVERSION = YES;
				CLANG_WARN_OBJC_IMPLICIT_RETAIN_SELF = YES;
				CLANG_WARN_OBJC_LITERAL_CONVERSION = YES;
				CLANG_WARN_OBJC_ROOT_CLASS = YES_ERROR;
				CLANG_WARN_RANGE_LOOP_ANALYSIS = YES;
				CLANG_WARN_STRICT_PROTOTYPES = YES;
				CLANG_WARN_SUSPICIOUS_MOVE = YES;
				CLANG_WARN_UNGUARDED_AVAILABILITY = YES_AGGRESSIVE;
				CLANG_WARN_UNREACHABLE_CODE = YES;
				CLANG_WARN__DUPLICATE_METHOD_MATCH = YES;
				CODE_SIGN_IDENTITY = "iPhone Developer";
				COPY_PHASE_STRIP = NO;
				DEBUG_INFORMATION_FORMAT = dwarf;
				ENABLE_STRICT_OBJC_MSGSEND = YES;
				ENABLE_TESTABILITY = YES;
				GCC_C_LANGUAGE_STANDARD = gnu11;
				GCC_DYNAMIC_NO_PIC = NO;
				GCC_NO_COMMON_BLOCKS = YES;
				GCC_OPTIMIZATION_LEVEL = 0;
				GCC_PREPROCESSOR_DEFINITIONS = (
					"DEBUG=1",
					"$(inherited)",
				);
				GCC_WARN_64_TO_32_BIT_CONVERSION = YES;
				GCC_WARN_ABOUT_RETURN_TYPE = YES_ERROR;
				GCC_WARN_UNDECLARED_SELECTOR = YES;
				GCC_WARN_UNINITIALIZED_AUTOS = YES_AGGRESSIVE;
				GCC_WARN_UNUSED_FUNCTION = YES;
				GCC_WARN_UNUSED_VARIABLE = YES;
				IPHONEOS_DEPLOYMENT_TARGET = 12.2;
				MTL_ENABLE_DEBUG_INFO = INCLUDE_SOURCE;
				MTL_FAST_MATH = YES;
				ONLY_ACTIVE_ARCH = YES;
				SDKROOT = iphoneos;
				SWIFT_ACTIVE_COMPILATION_CONDITIONS = DEBUG;
				SWIFT_OPTIMIZATION_LEVEL = "-Onone";
			};
			name = Debug;
		};
		18427CCB22FDB8B800D85CC2 /* Release */ = {
			isa = XCBuildConfiguration;
			buildSettings = {
				ALWAYS_SEARCH_USER_PATHS = NO;
				CLANG_ANALYZER_NONNULL = YES;
				CLANG_ANALYZER_NUMBER_OBJECT_CONVERSION = YES_AGGRESSIVE;
				CLANG_CXX_LANGUAGE_STANDARD = "gnu++14";
				CLANG_CXX_LIBRARY = "libc++";
				CLANG_ENABLE_MODULES = YES;
				CLANG_ENABLE_OBJC_ARC = YES;
				CLANG_ENABLE_OBJC_WEAK = YES;
				CLANG_WARN_BLOCK_CAPTURE_AUTORELEASING = YES;
				CLANG_WARN_BOOL_CONVERSION = YES;
				CLANG_WARN_COMMA = YES;
				CLANG_WARN_CONSTANT_CONVERSION = YES;
				CLANG_WARN_DEPRECATED_OBJC_IMPLEMENTATIONS = YES;
				CLANG_WARN_DIRECT_OBJC_ISA_USAGE = YES_ERROR;
				CLANG_WARN_DOCUMENTATION_COMMENTS = YES;
				CLANG_WARN_EMPTY_BODY = YES;
				CLANG_WARN_ENUM_CONVERSION = YES;
				CLANG_WARN_INFINITE_RECURSION = YES;
				CLANG_WARN_INT_CONVERSION = YES;
				CLANG_WARN_NON_LITERAL_NULL_CONVERSION = YES;
				CLANG_WARN_OBJC_IMPLICIT_RETAIN_SELF = YES;
				CLANG_WARN_OBJC_LITERAL_CONVERSION = YES;
				CLANG_WARN_OBJC_ROOT_CLASS = YES_ERROR;
				CLANG_WARN_RANGE_LOOP_ANALYSIS = YES;
				CLANG_WARN_STRICT_PROTOTYPES = YES;
				CLANG_WARN_SUSPICIOUS_MOVE = YES;
				CLANG_WARN_UNGUARDED_AVAILABILITY = YES_AGGRESSIVE;
				CLANG_WARN_UNREACHABLE_CODE = YES;
				CLANG_WARN__DUPLICATE_METHOD_MATCH = YES;
				CODE_SIGN_IDENTITY = "iPhone Developer";
				COPY_PHASE_STRIP = NO;
				DEBUG_INFORMATION_FORMAT = "dwarf-with-dsym";
				ENABLE_NS_ASSERTIONS = NO;
				ENABLE_STRICT_OBJC_MSGSEND = YES;
				GCC_C_LANGUAGE_STANDARD = gnu11;
				GCC_NO_COMMON_BLOCKS = YES;
				GCC_WARN_64_TO_32_BIT_CONVERSION = YES;
				GCC_WARN_ABOUT_RETURN_TYPE = YES_ERROR;
				GCC_WARN_UNDECLARED_SELECTOR = YES;
				GCC_WARN_UNINITIALIZED_AUTOS = YES_AGGRESSIVE;
				GCC_WARN_UNUSED_FUNCTION = YES;
				GCC_WARN_UNUSED_VARIABLE = YES;
				IPHONEOS_DEPLOYMENT_TARGET = 12.2;
				MTL_ENABLE_DEBUG_INFO = NO;
				MTL_FAST_MATH = YES;
				SDKROOT = iphoneos;
				SWIFT_COMPILATION_MODE = wholemodule;
				SWIFT_OPTIMIZATION_LEVEL = "-O";
				VALIDATE_PRODUCT = YES;
			};
			name = Release;
		};
		18427CCD22FDB8B800D85CC2 /* Debug */ = {
			isa = XCBuildConfiguration;
			buildSettings = {
				ASSETCATALOG_COMPILER_APPICON_NAME = AppIcon;
				CODE_SIGN_STYLE = Automatic;
				INFOPLIST_FILE = microEducation/Info.plist;
				LD_RUNPATH_SEARCH_PATHS = (
					"$(inherited)",
					"@executable_path/Frameworks",
				);
				PRODUCT_BUNDLE_IDENTIFIER = com.practice.microEducation;
				PRODUCT_NAME = "$(TARGET_NAME)";
				SWIFT_VERSION = 5.0;
				TARGETED_DEVICE_FAMILY = "1,2";
			};
			name = Debug;
		};
		18427CCE22FDB8B800D85CC2 /* Release */ = {
			isa = XCBuildConfiguration;
			buildSettings = {
				ASSETCATALOG_COMPILER_APPICON_NAME = AppIcon;
				CODE_SIGN_STYLE = Automatic;
				INFOPLIST_FILE = microEducation/Info.plist;
				LD_RUNPATH_SEARCH_PATHS = (
					"$(inherited)",
					"@executable_path/Frameworks",
				);
				PRODUCT_BUNDLE_IDENTIFIER = com.practice.microEducation;
				PRODUCT_NAME = "$(TARGET_NAME)";
				SWIFT_VERSION = 5.0;
				TARGETED_DEVICE_FAMILY = "1,2";
			};
			name = Release;
		};
/* End XCBuildConfiguration section */

/* Begin XCConfigurationList section */
		18427CB222FDB8B600D85CC2 /* Build configuration list for PBXProject "microEducation" */ = {
			isa = XCConfigurationList;
			buildConfigurations = (
				18427CCA22FDB8B800D85CC2 /* Debug */,
				18427CCB22FDB8B800D85CC2 /* Release */,
			);
			defaultConfigurationIsVisible = 0;
			defaultConfigurationName = Release;
		};
		18427CCC22FDB8B800D85CC2 /* Build configuration list for PBXNativeTarget "microEducation" */ = {
			isa = XCConfigurationList;
			buildConfigurations = (
				18427CCD22FDB8B800D85CC2 /* Debug */,
				18427CCE22FDB8B800D85CC2 /* Release */,
			);
			defaultConfigurationIsVisible = 0;
			defaultConfigurationName = Release;
		};
/* End XCConfigurationList section */

/* Begin XCVersionGroup section */
		18427CC122FDB8B600D85CC2 /* microEducation.xcdatamodeld */ = {
			isa = XCVersionGroup;
			children = (
				18427CC222FDB8B600D85CC2 /* microEducation.xcdatamodel */,
			);
			currentVersion = 18427CC222FDB8B600D85CC2 /* microEducation.xcdatamodel */;
			path = microEducation.xcdatamodeld;
			sourceTree = "<group>";
			versionGroupType = wrapper.xcdatamodel;
		};
/* End XCVersionGroup section */
	};
	rootObject = 18427CAF22FDB8B600D85CC2 /* Project object */;
}
